
Microsoft Visual Studio Solution File, Format Version 12.00
# Visual Studio 15
VisualStudioVersion = 15.0.27703.2035
MinimumVisualStudioVersion = 10.0.40219.1
Project("{FAE04EC0-301F-11D3-BF4B-00C04F79EFBC}") = "BrokenApi", "BrokenApi\BrokenApi.csproj", "{0AE442C5-2822-4A36-958D-364D65D2B29A}"
EndProject
Global
	GlobalSection(SolutionConfigurationPlatforms) = preSolution
		Debug|Any CPU = Debug|Any CPU
		Release|Any CPU = Release|Any CPU
	EndGlobalSection
	GlobalSection(ProjectConfigurationPlatforms) = postSolution
		{0AE442C5-2822-4A36-958D-364D65D2B29A}.Debug|Any CPU.ActiveCfg = Debug|Any CPU
		{0AE442C5-2822-4A36-958D-364D65D2B29A}.Debug|Any CPU.Build.0 = Debug|Any CPU
		{0AE442C5-2822-4A36-958D-364D65D2B29A}.Release|Any CPU.ActiveCfg = Release|Any CPU
		{0AE442C5-2822-4A36-958D-364D65D2B29A}.Release|Any CPU.Build.0 = Release|Any CPU
	EndGlobalSection
	GlobalSection(SolutionProperties) = preSolution
		HideSolutionNode = FALSE
	EndGlobalSection
	GlobalSection(ExtensibilityGlobals) = postSolution
		SolutionGuid = {97B9B70B-A202-46A0-97BA-7EEACF018C05}
	EndGlobalSection
EndGlobal
